// !$*UTF8*$!
{
	archiveVersion = 1;
	classes = {
	};
	objectVersion = 46;
	objects = {

/* Begin PBXBuildFile section */
		3E8ADBE4E1DE429EBE67AB71 /* libPods.a in Frameworks */ = {isa = PBXBuildFile; fileRef = CC9E134DE19B41F7B1D3EBB1 /* libPods.a */; };
		9744747B19432AD300718D0F /* AppDelegate.swift in Sources */ = {isa = PBXBuildFile; fileRef = 9744747A19432AD300718D0F /* AppDelegate.swift */; };
		9744747D19432AD300718D0F /* ViewController.swift in Sources */ = {isa = PBXBuildFile; fileRef = 9744747C19432AD300718D0F /* ViewController.swift */; };
		9744748019432AD300718D0F /* Main.storyboard in Resources */ = {isa = PBXBuildFile; fileRef = 9744747E19432AD300718D0F /* Main.storyboard */; };
		9744748219432AD300718D0F /* Images.xcassets in Resources */ = {isa = PBXBuildFile; fileRef = 9744748119432AD300718D0F /* Images.xcassets */; };
		97CE768A1944A5FE00B26CB8 /* FullScreenPhotoView.swift in Sources */ = {isa = PBXBuildFile; fileRef = 97CE76821944A5FE00B26CB8 /* FullScreenPhotoView.swift */; };
		97CE768B1944A5FE00B26CB8 /* PhotoGalleryDataSource.swift in Sources */ = {isa = PBXBuildFile; fileRef = 97CE76841944A5FE00B26CB8 /* PhotoGalleryDataSource.swift */; };
		97CE768C1944A5FE00B26CB8 /* PhotoGridCell.swift in Sources */ = {isa = PBXBuildFile; fileRef = 97CE76851944A5FE00B26CB8 /* PhotoGridCell.swift */; };
		97CE768D1944A5FE00B26CB8 /* PhotoGridViewController.swift in Sources */ = {isa = PBXBuildFile; fileRef = 97CE76861944A5FE00B26CB8 /* PhotoGridViewController.swift */; };
		97CE768E1944A5FE00B26CB8 /* PhotoItem.swift in Sources */ = {isa = PBXBuildFile; fileRef = 97CE76871944A5FE00B26CB8 /* PhotoItem.swift */; };
		97CE768F1944A5FE00B26CB8 /* PhotoScrollPagerViewController.swift in Sources */ = {isa = PBXBuildFile; fileRef = 97CE76881944A5FE00B26CB8 /* PhotoScrollPagerViewController.swift */; };
		97CE76901944A5FE00B26CB8 /* SimplePhotoGalleryDataSource.swift in Sources */ = {isa = PBXBuildFile; fileRef = 97CE76891944A5FE00B26CB8 /* SimplePhotoGalleryDataSource.swift */; };
		97CE76961944A63D00B26CB8 /* beach.jpeg in Resources */ = {isa = PBXBuildFile; fileRef = 97CE76911944A63D00B26CB8 /* beach.jpeg */; };
		97CE76971944A63D00B26CB8 /* beach2.jpeg in Resources */ = {isa = PBXBuildFile; fileRef = 97CE76921944A63D00B26CB8 /* beach2.jpeg */; };
		97CE76981944A63D00B26CB8 /* evening.jpeg in Resources */ = {isa = PBXBuildFile; fileRef = 97CE76931944A63D00B26CB8 /* evening.jpeg */; };
		97CE76991944A63D00B26CB8 /* sky.jpeg in Resources */ = {isa = PBXBuildFile; fileRef = 97CE76941944A63D00B26CB8 /* sky.jpeg */; };
		97CE769A1944A63D00B26CB8 /* sky2.jpeg in Resources */ = {isa = PBXBuildFile; fileRef = 97CE76951944A63D00B26CB8 /* sky2.jpeg */; };
		97CE769C1944B5AA00B26CB8 /* PhotoGalleryDelegate.swift in Sources */ = {isa = PBXBuildFile; fileRef = 97CE769B1944B5AA00B26CB8 /* PhotoGalleryDelegate.swift */; };
/* End PBXBuildFile section */

/* Begin PBXFileReference section */
		9744747519432AD300718D0F /* PhotoGalleryDemo.app */ = {isa = PBXFileReference; explicitFileType = wrapper.application; includeInIndex = 0; path = PhotoGalleryDemo.app; sourceTree = BUILT_PRODUCTS_DIR; };
		9744747919432AD300718D0F /* Info.plist */ = {isa = PBXFileReference; lastKnownFileType = text.plist.xml; path = Info.plist; sourceTree = "<group>"; };
		9744747A19432AD300718D0F /* AppDelegate.swift */ = {isa = PBXFileReference; lastKnownFileType = sourcecode.swift; path = AppDelegate.swift; sourceTree = "<group>"; };
		9744747C19432AD300718D0F /* ViewController.swift */ = {isa = PBXFileReference; lastKnownFileType = sourcecode.swift; path = ViewController.swift; sourceTree = "<group>"; };
		9744747F19432AD300718D0F /* Base */ = {isa = PBXFileReference; lastKnownFileType = file.storyboard; name = Base; path = Base.lproj/Main.storyboard; sourceTree = "<group>"; };
		9744748119432AD300718D0F /* Images.xcassets */ = {isa = PBXFileReference; lastKnownFileType = folder.assetcatalog; path = Images.xcassets; sourceTree = "<group>"; };
		97CE76821944A5FE00B26CB8 /* FullScreenPhotoView.swift */ = {isa = PBXFileReference; fileEncoding = 4; lastKnownFileType = sourcecode.swift; name = FullScreenPhotoView.swift; path = PhotoGallery/FullScreenPhotoView.swift; sourceTree = "<group>"; };
		97CE76831944A5FE00B26CB8 /* objc-bridge.h */ = {isa = PBXFileReference; fileEncoding = 4; lastKnownFileType = sourcecode.c.h; name = "objc-bridge.h"; path = "PhotoGallery/objc-bridge.h"; sourceTree = "<group>"; };
		97CE76841944A5FE00B26CB8 /* PhotoGalleryDataSource.swift */ = {isa = PBXFileReference; fileEncoding = 4; lastKnownFileType = sourcecode.swift; name = PhotoGalleryDataSource.swift; path = PhotoGallery/PhotoGalleryDataSource.swift; sourceTree = "<group>"; };
		97CE76851944A5FE00B26CB8 /* PhotoGridCell.swift */ = {isa = PBXFileReference; fileEncoding = 4; lastKnownFileType = sourcecode.swift; name = PhotoGridCell.swift; path = PhotoGallery/PhotoGridCell.swift; sourceTree = "<group>"; };
		97CE76861944A5FE00B26CB8 /* PhotoGridViewController.swift */ = {isa = PBXFileReference; fileEncoding = 4; lastKnownFileType = sourcecode.swift; name = PhotoGridViewController.swift; path = PhotoGallery/PhotoGridViewController.swift; sourceTree = "<group>"; };
		97CE76871944A5FE00B26CB8 /* PhotoItem.swift */ = {isa = PBXFileReference; fileEncoding = 4; lastKnownFileType = sourcecode.swift; name = PhotoItem.swift; path = PhotoGallery/PhotoItem.swift; sourceTree = "<group>"; };
		97CE76881944A5FE00B26CB8 /* PhotoScrollPagerViewController.swift */ = {isa = PBXFileReference; fileEncoding = 4; lastKnownFileType = sourcecode.swift; name = PhotoScrollPagerViewController.swift; path = PhotoGallery/PhotoScrollPagerViewController.swift; sourceTree = "<group>"; };
		97CE76891944A5FE00B26CB8 /* SimplePhotoGalleryDataSource.swift */ = {isa = PBXFileReference; fileEncoding = 4; lastKnownFileType = sourcecode.swift; name = SimplePhotoGalleryDataSource.swift; path = PhotoGallery/SimplePhotoGalleryDataSource.swift; sourceTree = "<group>"; };
		97CE76911944A63D00B26CB8 /* beach.jpeg */ = {isa = PBXFileReference; lastKnownFileType = image.jpeg; name = beach.jpeg; path = img/beach.jpeg; sourceTree = "<group>"; };
		97CE76921944A63D00B26CB8 /* beach2.jpeg */ = {isa = PBXFileReference; lastKnownFileType = image.jpeg; name = beach2.jpeg; path = img/beach2.jpeg; sourceTree = "<group>"; };
		97CE76931944A63D00B26CB8 /* evening.jpeg */ = {isa = PBXFileReference; lastKnownFileType = image.jpeg; name = evening.jpeg; path = img/evening.jpeg; sourceTree = "<group>"; };
		97CE76941944A63D00B26CB8 /* sky.jpeg */ = {isa = PBXFileReference; lastKnownFileType = image.jpeg; name = sky.jpeg; path = img/sky.jpeg; sourceTree = "<group>"; };
		97CE76951944A63D00B26CB8 /* sky2.jpeg */ = {isa = PBXFileReference; lastKnownFileType = image.jpeg; name = sky2.jpeg; path = img/sky2.jpeg; sourceTree = "<group>"; };
		97CE769B1944B5AA00B26CB8 /* PhotoGalleryDelegate.swift */ = {isa = PBXFileReference; fileEncoding = 4; lastKnownFileType = sourcecode.swift; path = PhotoGalleryDelegate.swift; sourceTree = "<group>"; };
		9FA60B6B4C364B57B48E2A74 /* Pods.xcconfig */ = {isa = PBXFileReference; includeInIndex = 1; lastKnownFileType = text.xcconfig; name = Pods.xcconfig; path = Pods/Pods.xcconfig; sourceTree = "<group>"; };
		CC9E134DE19B41F7B1D3EBB1 /* libPods.a */ = {isa = PBXFileReference; explicitFileType = archive.ar; includeInIndex = 0; path = libPods.a; sourceTree = BUILT_PRODUCTS_DIR; };
/* End PBXFileReference section */

/* Begin PBXFrameworksBuildPhase section */
		9744747219432AD300718D0F /* Frameworks */ = {
			isa = PBXFrameworksBuildPhase;
			buildActionMask = 2147483647;
			files = (
				3E8ADBE4E1DE429EBE67AB71 /* libPods.a in Frameworks */,
			);
			runOnlyForDeploymentPostprocessing = 0;
		};
/* End PBXFrameworksBuildPhase section */

/* Begin PBXGroup section */
		6C6B704858CD41BFAF15A35E /* Frameworks */ = {
			isa = PBXGroup;
			children = (
				CC9E134DE19B41F7B1D3EBB1 /* libPods.a */,
			);
			name = Frameworks;
			sourceTree = "<group>";
		};
		971A144A194356F800847D76 /* img */ = {
			isa = PBXGroup;
			children = (
				97CE76911944A63D00B26CB8 /* beach.jpeg */,
				97CE76921944A63D00B26CB8 /* beach2.jpeg */,
				97CE76931944A63D00B26CB8 /* evening.jpeg */,
				97CE76941944A63D00B26CB8 /* sky.jpeg */,
				97CE76951944A63D00B26CB8 /* sky2.jpeg */,
			);
			name = img;
			sourceTree = "<group>";
		};
		9744746C19432AD300718D0F = {
			isa = PBXGroup;
			children = (
				9744747719432AD300718D0F /* PhotoGalleryDemo */,
				9744749719432B1E00718D0F /* PhotoGallery */,
				9744747619432AD300718D0F /* Products */,
				9FA60B6B4C364B57B48E2A74 /* Pods.xcconfig */,
				6C6B704858CD41BFAF15A35E /* Frameworks */,
			);
			sourceTree = "<group>";
		};
		9744747619432AD300718D0F /* Products */ = {
			isa = PBXGroup;
			children = (
				9744747519432AD300718D0F /* PhotoGalleryDemo.app */,
			);
			name = Products;
			sourceTree = "<group>";
		};
		9744747719432AD300718D0F /* PhotoGalleryDemo */ = {
			isa = PBXGroup;
			children = (
				971A144A194356F800847D76 /* img */,
				9744747A19432AD300718D0F /* AppDelegate.swift */,
				9744747C19432AD300718D0F /* ViewController.swift */,
				9744747E19432AD300718D0F /* Main.storyboard */,
				9744748119432AD300718D0F /* Images.xcassets */,
				9744747819432AD300718D0F /* Supporting Files */,
			);
			path = PhotoGalleryDemo;
			sourceTree = "<group>";
		};
		9744747819432AD300718D0F /* Supporting Files */ = {
			isa = PBXGroup;
			children = (
				9744747919432AD300718D0F /* Info.plist */,
			);
			name = "Supporting Files";
			sourceTree = "<group>";
		};
		9744749719432B1E00718D0F /* PhotoGallery */ = {
			isa = PBXGroup;
			children = (
				97CE76821944A5FE00B26CB8 /* FullScreenPhotoView.swift */,
				97CE76831944A5FE00B26CB8 /* objc-bridge.h */,
				97CE76841944A5FE00B26CB8 /* PhotoGalleryDataSource.swift */,
				97CE769B1944B5AA00B26CB8 /* PhotoGalleryDelegate.swift */,
				97CE76851944A5FE00B26CB8 /* PhotoGridCell.swift */,
				97CE76861944A5FE00B26CB8 /* PhotoGridViewController.swift */,
				97CE76871944A5FE00B26CB8 /* PhotoItem.swift */,
				97CE76881944A5FE00B26CB8 /* PhotoScrollPagerViewController.swift */,
				97CE76891944A5FE00B26CB8 /* SimplePhotoGalleryDataSource.swift */,
			);
			name = PhotoGallery;
			sourceTree = "<group>";
		};
/* End PBXGroup section */

/* Begin PBXNativeTarget section */
		9744747419432AD300718D0F /* PhotoGalleryDemo */ = {
			isa = PBXNativeTarget;
			buildConfigurationList = 9744749119432AD300718D0F /* Build configuration list for PBXNativeTarget "PhotoGalleryDemo" */;
			buildPhases = (
				4549D998FEAF4916B9597757 /* Check Pods Manifest.lock */,
				9744747119432AD300718D0F /* Sources */,
				9744747219432AD300718D0F /* Frameworks */,
				9744747319432AD300718D0F /* Resources */,
				24EE08B5CD1A4261AB38A577 /* Copy Pods Resources */,
			);
			buildRules = (
			);
			dependencies = (
			);
			name = PhotoGalleryDemo;
			productName = PhotoGalleryDemo;
			productReference = 9744747519432AD300718D0F /* PhotoGalleryDemo.app */;
			productType = "com.apple.product-type.application";
		};
/* End PBXNativeTarget section */

/* Begin PBXProject section */
		9744746D19432AD300718D0F /* Project object */ = {
			isa = PBXProject;
			attributes = {
				LastUpgradeCheck = 0600;
				ORGANIZATIONNAME = "Emaki inc.";
				TargetAttributes = {
					9744747419432AD300718D0F = {
						CreatedOnToolsVersion = 6.0;
					};
				};
			};
			buildConfigurationList = 9744747019432AD300718D0F /* Build configuration list for PBXProject "PhotoGalleryDemo" */;
			compatibilityVersion = "Xcode 3.2";
			developmentRegion = English;
			hasScannedForEncodings = 0;
			knownRegions = (
				en,
				Base,
			);
			mainGroup = 9744746C19432AD300718D0F;
			productRefGroup = 9744747619432AD300718D0F /* Products */;
			projectDirPath = "";
			projectRoot = "";
			targets = (
				9744747419432AD300718D0F /* PhotoGalleryDemo */,
			);
		};
/* End PBXProject section */

/* Begin PBXResourcesBuildPhase section */
		9744747319432AD300718D0F /* Resources */ = {
			isa = PBXResourcesBuildPhase;
			buildActionMask = 2147483647;
			files = (
				97CE76981944A63D00B26CB8 /* evening.jpeg in Resources */,
				97CE76971944A63D00B26CB8 /* beach2.jpeg in Resources */,
				97CE76961944A63D00B26CB8 /* beach.jpeg in Resources */,
				9744748019432AD300718D0F /* Main.storyboard in Resources */,
				9744748219432AD300718D0F /* Images.xcassets in Resources */,
				97CE769A1944A63D00B26CB8 /* sky2.jpeg in Resources */,
				97CE76991944A63D00B26CB8 /* sky.jpeg in Resources */,
			);
			runOnlyForDeploymentPostprocessing = 0;
		};
/* End PBXResourcesBuildPhase section */

/* Begin PBXShellScriptBuildPhase section */
		24EE08B5CD1A4261AB38A577 /* Copy Pods Resources */ = {
			isa = PBXShellScriptBuildPhase;
			buildActionMask = 2147483647;
			files = (
			);
			inputPaths = (
			);
			name = "Copy Pods Resources";
			outputPaths = (
			);
			runOnlyForDeploymentPostprocessing = 0;
			shellPath = /bin/sh;
			shellScript = "\"${SRCROOT}/Pods/Pods-resources.sh\"\n";
			showEnvVarsInLog = 0;
		};
		4549D998FEAF4916B9597757 /* Check Pods Manifest.lock */ = {
			isa = PBXShellScriptBuildPhase;
			buildActionMask = 2147483647;
			files = (
			);
			inputPaths = (
			);
			name = "Check Pods Manifest.lock";
			outputPaths = (
			);
			runOnlyForDeploymentPostprocessing = 0;
			shellPath = /bin/sh;
			shellScript = "diff \"${PODS_ROOT}/../Podfile.lock\" \"${PODS_ROOT}/Manifest.lock\" > /dev/null\nif [[ $? != 0 ]] ; then\n    cat << EOM\nerror: The sandbox is not in sync with the Podfile.lock. Run 'pod install' or update your CocoaPods installation.\nEOM\n    exit 1\nfi\n";
			showEnvVarsInLog = 0;
		};
/* End PBXShellScriptBuildPhase section */

/* Begin PBXSourcesBuildPhase section */
		9744747119432AD300718D0F /* Sources */ = {
			isa = PBXSourcesBuildPhase;
			buildActionMask = 2147483647;
			files = (
				97CE769C1944B5AA00B26CB8 /* PhotoGalleryDelegate.swift in Sources */,
				97CE768E1944A5FE00B26CB8 /* PhotoItem.swift in Sources */,
				97CE768B1944A5FE00B26CB8 /* PhotoGalleryDataSource.swift in Sources */,
				9744747D19432AD300718D0F /* ViewController.swift in Sources */,
				97CE768A1944A5FE00B26CB8 /* FullScreenPhotoView.swift in Sources */,
				9744747B19432AD300718D0F /* AppDelegate.swift in Sources */,
				97CE76901944A5FE00B26CB8 /* SimplePhotoGalleryDataSource.swift in Sources */,
				97CE768C1944A5FE00B26CB8 /* PhotoGridCell.swift in Sources */,
				97CE768F1944A5FE00B26CB8 /* PhotoScrollPagerViewController.swift in Sources */,
				97CE768D1944A5FE00B26CB8 /* PhotoGridViewController.swift in Sources */,
			);
			runOnlyForDeploymentPostprocessing = 0;
		};
/* End PBXSourcesBuildPhase section */

/* Begin PBXVariantGroup section */
		9744747E19432AD300718D0F /* Main.storyboard */ = {
			isa = PBXVariantGroup;
			children = (
				9744747F19432AD300718D0F /* Base */,
			);
			name = Main.storyboard;
			sourceTree = "<group>";
		};
/* End PBXVariantGroup section */

/* Begin XCBuildConfiguration section */
		9744748F19432AD300718D0F /* Debug */ = {
			isa = XCBuildConfiguration;
			buildSettings = {
				ALWAYS_SEARCH_USER_PATHS = NO;
				CLANG_CXX_LANGUAGE_STANDARD = "gnu++0x";
				CLANG_CXX_LIBRARY = "libc++";
				CLANG_ENABLE_MODULES = YES;
				CLANG_ENABLE_OBJC_ARC = YES;
				CLANG_WARN_BOOL_CONVERSION = YES;
				CLANG_WARN_CONSTANT_CONVERSION = YES;
				CLANG_WARN_DIRECT_OBJC_ISA_USAGE = YES_ERROR;
				CLANG_WARN_EMPTY_BODY = YES;
				CLANG_WARN_ENUM_CONVERSION = YES;
				CLANG_WARN_INT_CONVERSION = YES;
				CLANG_WARN_OBJC_ROOT_CLASS = YES_ERROR;
				CLANG_WARN_UNREACHABLE_CODE = YES;
				CLANG_WARN__DUPLICATE_METHOD_MATCH = YES;
				"CODE_SIGN_IDENTITY[sdk=iphoneos*]" = "iPhone Developer";
				COPY_PHASE_STRIP = NO;
				ENABLE_STRICT_OBJC_MSGSEND = YES;
				GCC_C_LANGUAGE_STANDARD = gnu99;
				GCC_DYNAMIC_NO_PIC = NO;
				GCC_OPTIMIZATION_LEVEL = 0;
				GCC_PREPROCESSOR_DEFINITIONS = (
					"DEBUG=1",
					"$(inherited)",
				);
				GCC_SYMBOLS_PRIVATE_EXTERN = NO;
				GCC_WARN_64_TO_32_BIT_CONVERSION = YES;
				GCC_WARN_ABOUT_RETURN_TYPE = YES_ERROR;
				GCC_WARN_UNDECLARED_SELECTOR = YES;
				GCC_WARN_UNINITIALIZED_AUTOS = YES_AGGRESSIVE;
				GCC_WARN_UNUSED_FUNCTION = YES;
				GCC_WARN_UNUSED_VARIABLE = YES;
				IPHONEOS_DEPLOYMENT_TARGET = 8.0;
				METAL_ENABLE_DEBUG_INFO = YES;
				ONLY_ACTIVE_ARCH = YES;
				SDKROOT = iphoneos;
				SWIFT_OPTIMIZATION_LEVEL = "-Onone";
			};
			name = Debug;
		};
		9744749019432AD300718D0F /* Release */ = {
			isa = XCBuildConfiguration;
			buildSettings = {
				ALWAYS_SEARCH_USER_PATHS = NO;
				CLANG_CXX_LANGUAGE_STANDARD = "gnu++0x";
				CLANG_CXX_LIBRARY = "libc++";
				CLANG_ENABLE_MODULES = YES;
				CLANG_ENABLE_OBJC_ARC = YES;
				CLANG_WARN_BOOL_CONVERSION = YES;
				CLANG_WARN_CONSTANT_CONVERSION = YES;
				CLANG_WARN_DIRECT_OBJC_ISA_USAGE = YES_ERROR;
				CLANG_WARN_EMPTY_BODY = YES;
				CLANG_WARN_ENUM_CONVERSION = YES;
				CLANG_WARN_INT_CONVERSION = YES;
				CLANG_WARN_OBJC_ROOT_CLASS = YES_ERROR;
				CLANG_WARN_UNREACHABLE_CODE = YES;
				CLANG_WARN__DUPLICATE_METHOD_MATCH = YES;
				"CODE_SIGN_IDENTITY[sdk=iphoneos*]" = "iPhone Developer";
				COPY_PHASE_STRIP = YES;
				ENABLE_NS_ASSERTIONS = NO;
				ENABLE_STRICT_OBJC_MSGSEND = YES;
				GCC_C_LANGUAGE_STANDARD = gnu99;
				GCC_WARN_64_TO_32_BIT_CONVERSION = YES;
				GCC_WARN_ABOUT_RETURN_TYPE = YES_ERROR;
				GCC_WARN_UNDECLARED_SELECTOR = YES;
				GCC_WARN_UNINITIALIZED_AUTOS = YES_AGGRESSIVE;
				GCC_WARN_UNUSED_FUNCTION = YES;
				GCC_WARN_UNUSED_VARIABLE = YES;
				IPHONEOS_DEPLOYMENT_TARGET = 8.0;
				METAL_ENABLE_DEBUG_INFO = NO;
				SDKROOT = iphoneos;
				VALIDATE_PRODUCT = YES;
			};
			name = Release;
		};
		9744749219432AD300718D0F /* Debug */ = {
			isa = XCBuildConfiguration;
			baseConfigurationReference = 9FA60B6B4C364B57B48E2A74 /* Pods.xcconfig */;
			buildSettings = {
				ASSETCATALOG_COMPILER_APPICON_NAME = AppIcon;
				ASSETCATALOG_COMPILER_LAUNCHIMAGE_NAME = LaunchImage;
				INFOPLIST_FILE = PhotoGalleryDemo/Info.plist;
				IPHONEOS_DEPLOYMENT_TARGET = 7.0;
				LD_RUNPATH_SEARCH_PATHS = "$(inherited) @executable_path/Frameworks";
				PRODUCT_NAME = "$(TARGET_NAME)";
				SWIFT_OBJC_BRIDGING_HEADER = "$(SRCROOT)/PhotoGallery/objc-bridge.h";
			};
			name = Debug;
		};
		9744749319432AD300718D0F /* Release */ = {
			isa = XCBuildConfiguration;
			baseConfigurationReference = 9FA60B6B4C364B57B48E2A74 /* Pods.xcconfig */;
			buildSettings = {
				ASSETCATALOG_COMPILER_APPICON_NAME = AppIcon;
				ASSETCATALOG_COMPILER_LAUNCHIMAGE_NAME = LaunchImage;
				INFOPLIST_FILE = PhotoGalleryDemo/Info.plist;
				IPHONEOS_DEPLOYMENT_TARGET = 7.0;
				LD_RUNPATH_SEARCH_PATHS = "$(inherited) @executable_path/Frameworks";
				PRODUCT_NAME = "$(TARGET_NAME)";
				SWIFT_OBJC_BRIDGING_HEADER = "$(SRCROOT)/PhotoGallery/objc-bridge.h";
			};
			name = Release;
		};
/* End XCBuildConfiguration section */

/* Begin XCConfigurationList section */
		9744747019432AD300718D0F /* Build configuration list for PBXProject "PhotoGalleryDemo" */ = {
			isa = XCConfigurationList;
			buildConfigurations = (
				9744748F19432AD300718D0F /* Debug */,
				9744749019432AD300718D0F /* Release */,
			);
			defaultConfigurationIsVisible = 0;
			defaultConfigurationName = Release;
		};
		9744749119432AD300718D0F /* Build configuration list for PBXNativeTarget "PhotoGalleryDemo" */ = {
			isa = XCConfigurationList;
			buildConfigurations = (
				9744749219432AD300718D0F /* Debug */,
				9744749319432AD300718D0F /* Release */,
			);
			defaultConfigurationIsVisible = 0;
			defaultConfigurationName = Release;
		};
/* End XCConfigurationList section */
	};
	rootObject = 9744746D19432AD300718D0F /* Project object */;
}
